lockfileVersion: 5.4

specifiers:
  esquery: 1.4.0

devDependencies:
  esquery: registry.npmmirror.com/esquery/1.4.0

packages:

  registry.npmmirror.com/esquery/1.4.0:
    resolution: {integrity: sha512-cCDispWt5vHHtwMY2YrAQ4ibFkAL8RbH5YGBnZBc90MolvvfkkQcJro/aZiAQUlQ3qgrYS6D6v8Gc5G5CQsc9w==, registry: http://registry.npm.taobao.org/, tarball: https://registry.npmmirror.com/esquery/-/esquery-1.4.0.tgz}
    name: esquery
    version: 1.4.0
    engines: {node: '>=0.10'}
    dependencies:
      estraverse: registry.npmmirror.com/estraverse/5.3.0
    dev: true

  registry.npmmirror.com/estraverse/5.3.0:
    resolution: {integrity: sha512-MMdARuVEQziNTeJD8DgMqmhwR11BRQ/cBP+pLtYdSTnf3MIO8fFeiINEbX36ZdNlfU/7A9f3gUw49B3oQsvwBA==, registry: http://registry.npm.taobao.org/, tarball: https://registry.npmmirror.com/estraverse/-/estraverse-5.3.0.tgz}
    name: estraverse
    version: 5.3.0
    engines: {node: '>=4.0'}
    dev: true
