lockfileVersion: 5.4

specifiers:
  '@next/font': 13.1.6
  '@types/node': 18.14.0
  '@types/react': 18.0.28
  '@types/react-dom': 18.0.11
  axios: ^1.3.3
  next: 13.1.3
  react: 18.2.0
  react-dom: 18.2.0
  typescript: 4.9.5

dependencies:
  '@next/font': registry.npmmirror.com/@next/font/13.1.6
  '@types/node': registry.npmmirror.com/@types/node/18.14.0
  '@types/react': registry.npmmirror.com/@types/react/18.0.28
  '@types/react-dom': registry.npmmirror.com/@types/react-dom/18.0.11
  axios: registry.npmmirror.com/axios/1.3.3
  next: registry.npmmirror.com/next/13.1.3_biqbaboplfbrettd7655fr4n2y
  react: registry.npmmirror.com/react/18.2.0
  react-dom: registry.npmmirror.com/react-dom/18.2.0_react@18.2.0
  typescript: registry.npmmirror.com/typescript/4.9.5

packages:

  registry.npmmirror.com/@next/env/13.1.3:
    resolution: {integrity: sha512-ye0yvGmlzQQJnzNC7tC/ZhgRMd0s54msgrDOft1SjEG1Fbb+RBxGsalPqG3tUGuchA25z3npAtkFoAP8d2wPnw==, registry: http://registry.npm.taobao.org/, tarball: https://registry.npmmirror.com/@next/env/-/env-13.1.3.tgz}
    name: '@next/env'
    version: 13.1.3
    dev: false

  registry.npmmirror.com/@next/font/13.1.6:
    resolution: {integrity: sha512-AITjmeb1RgX1HKMCiA39ztx2mxeAyxl4ljv2UoSBUGAbFFMg8MO7YAvjHCgFhD39hL7YTbFjol04e/BPBH5RzQ==, registry: http://registry.npm.taobao.org/, tarball: https://registry.npmmirror.com/@next/font/-/font-13.1.6.tgz}
    name: '@next/font'
    version: 13.1.6
    dev: false

  registry.npmmirror.com/@next/swc-android-arm-eabi/13.1.3:
    resolution: {integrity: sha512-kXL0z7uVUHdUkXY997oZcoz4PXWXRJq3R9x2UYz0uW8OHsZinxTW/BgyzH8nfTB/4/a0nox4fgzQRurjem3nGQ==, registry: http://registry.npm.taobao.org/, tarball: https://registry.npmmirror.com/@next/swc-android-arm-eabi/-/swc-android-arm-eabi-13.1.3.tgz}
    name: '@next/swc-android-arm-eabi'
    version: 13.1.3
    engines: {node: '>= 10'}
    cpu: [arm]
    os: [android]
    requiresBuild: true
    dev: false
    optional: true

  registry.npmmirror.com/@next/swc-android-arm64/13.1.3:
    resolution: {integrity: sha512-ZHYC5Ze+syk9mex/T5XILHox5xjJotQ5GmPqHrJpXh9AOuIZnfhNP/zeLYaOXWaJmrE55Ni56VxHgckJfpGeBw==, registry: http://registry.npm.taobao.org/, tarball: https://registry.npmmirror.com/@next/swc-android-arm64/-/swc-android-arm64-13.1.3.tgz}
    name: '@next/swc-android-arm64'
    version: 13.1.3
    engines: {node: '>= 10'}
    cpu: [arm64]
    os: [android]
    requiresBuild: true
    dev: false
    optional: true

  registry.npmmirror.com/@next/swc-darwin-arm64/13.1.3:
    resolution: {integrity: sha512-B8Gyx/XhoxiiD4kHjnNVPCdgvLvIeQQGE2Nq6P7gsG0t17mMcPS4Y8fh/kVJSZAu5B5bAACwYIsI5bKMFzM+Ug==, registry: http://registry.npm.taobao.org/, tarball: https://registry.npmmirror.com/@next/swc-darwin-arm64/-/swc-darwin-arm64-13.1.3.tgz}
    name: '@next/swc-darwin-arm64'
    version: 13.1.3
    engines: {node: '>= 10'}
    cpu: [arm64]
    os: [darwin]
    requiresBuild: true
    dev: false
    optional: true

  registry.npmmirror.com/@next/swc-darwin-x64/13.1.3:
    resolution: {integrity: sha512-SCXf0JA3tR9FcsFA53a3LWDaxoIWFoLSbN3m88cYQYQMluObxwo6SBeUD9E3F4pM0bXEeIGOh8Y6u8w0GmmGoQ==, registry: http://registry.npm.taobao.org/, tarball: https://registry.npmmirror.com/@next/swc-darwin-x64/-/swc-darwin-x64-13.1.3.tgz}
    name: '@next/swc-darwin-x64'
    version: 13.1.3
    engines: {node: '>= 10'}
    cpu: [x64]
    os: [darwin]
    requiresBuild: true
    dev: false
    optional: true

  registry.npmmirror.com/@next/swc-freebsd-x64/13.1.3:
    resolution: {integrity: sha512-bUf1HYF3znES0Kd75fRnVp7LXlwF3MiuTk/qh32t1VH8CHSGsJmPPtHw4ag5GgwCbIn3AwWJQgqS+jyVYj40CA==, registry: http://registry.npm.taobao.org/, tarball: https://registry.npmmirror.com/@next/swc-freebsd-x64/-/swc-freebsd-x64-13.1.3.tgz}
    name: '@next/swc-freebsd-x64'
    version: 13.1.3
    engines: {node: '>= 10'}
    cpu: [x64]
    os: [freebsd]
    requiresBuild: true
    dev: false
    optional: true

  registry.npmmirror.com/@next/swc-linux-arm-gnueabihf/13.1.3:
    resolution: {integrity: sha512-ibl6YbAoOVH5whhHcC3s4auSKLIzWyhRdv9M8373m8xaTWkAGtFNgbJysaTBm4M9RlePPX0G81oul9wmpkP48w==, registry: http://registry.npm.taobao.org/, tarball: https://registry.npmmirror.com/@next/swc-linux-arm-gnueabihf/-/swc-linux-arm-gnueabihf-13.1.3.tgz}
    name: '@next/swc-linux-arm-gnueabihf'
    version: 13.1.3
    engines: {node: '>= 10'}
    cpu: [arm]
    os: [linux]
    requiresBuild: true
    dev: false
    optional: true

  registry.npmmirror.com/@next/swc-linux-arm64-gnu/13.1.3:
    resolution: {integrity: sha512-ChsZxyNgAu1JHLQWZq4L6lJ4VQ4Rj30qA8VCGkr1AFiqwWabri9dc5y32zJSmqa6Ex6NVDyYCNBKUGlcUOmDtw==, registry: http://registry.npm.taobao.org/, tarball: https://registry.npmmirror.com/@next/swc-linux-arm64-gnu/-/swc-linux-arm64-gnu-13.1.3.tgz}
    name: '@next/swc-linux-arm64-gnu'
    version: 13.1.3
    engines: {node: '>= 10'}
    cpu: [arm64]
    os: [linux]
    libc: [glibc]
    requiresBuild: true
    dev: false
    optional: true

  registry.npmmirror.com/@next/swc-linux-arm64-musl/13.1.3:
    resolution: {integrity: sha512-WoYE9I/1iEW9wldxFxhu+OZmU4IbwQQl/w5nFrgbSIyGz3g3JeaQxJOdyMggX3WOjWF9khdJ4r4ANa0TsF28DA==, registry: http://registry.npm.taobao.org/, tarball: https://registry.npmmirror.com/@next/swc-linux-arm64-musl/-/swc-linux-arm64-musl-13.1.3.tgz}
    name: '@next/swc-linux-arm64-musl'
    version: 13.1.3
    engines: {node: '>= 10'}
    cpu: [arm64]
    os: [linux]
    libc: [musl]
    requiresBuild: true
    dev: false
    optional: true

  registry.npmmirror.com/@next/swc-linux-x64-gnu/13.1.3:
    resolution: {integrity: sha512-fz5j+p1MsD0Kb+vMUkHzKxzFDteqzAqtdC41NyRvyKYhAffyDsfjGB542nmtt+EdxtlpDWfH204gN6nNXDDI7w==, registry: http://registry.npm.taobao.org/, tarball: https://registry.npmmirror.com/@next/swc-linux-x64-gnu/-/swc-linux-x64-gnu-13.1.3.tgz}
    name: '@next/swc-linux-x64-gnu'
    version: 13.1.3
    engines: {node: '>= 10'}
    cpu: [x64]
    os: [linux]
    libc: [glibc]
    requiresBuild: true
    dev: false
    optional: true

  registry.npmmirror.com/@next/swc-linux-x64-musl/13.1.3:
    resolution: {integrity: sha512-kw98zZnIAGyElE8GqsY5oH/n/vLYWqhEHlhHlY9ZzPIhsKwybWqLTq6ZPA60fEgRm9+UoU6u7lGD9pjZhTBRvA==, registry: http://registry.npm.taobao.org/, tarball: https://registry.npmmirror.com/@next/swc-linux-x64-musl/-/swc-linux-x64-musl-13.1.3.tgz}
    name: '@next/swc-linux-x64-musl'
    version: 13.1.3
    engines: {node: '>= 10'}
    cpu: [x64]
    os: [linux]
    libc: [musl]
    requiresBuild: true
    dev: false
    optional: true

  registry.npmmirror.com/@next/swc-win32-arm64-msvc/13.1.3:
    resolution: {integrity: sha512-bfulLL1SkaECHnv1Oz1nLdwpMu/B/TQEzA3+XoJYoiZaKHuTrufDIr+fTUasK5l7KQmB1y8LXSMKEKVeZomeGg==, registry: http://registry.npm.taobao.org/, tarball: https://registry.npmmirror.com/@next/swc-win32-arm64-msvc/-/swc-win32-arm64-msvc-13.1.3.tgz}
    name: '@next/swc-win32-arm64-msvc'
    version: 13.1.3
    engines: {node: '>= 10'}
    cpu: [arm64]
    os: [win32]
    requiresBuild: true
    dev: false
    optional: true

  registry.npmmirror.com/@next/swc-win32-ia32-msvc/13.1.3:
    resolution: {integrity: sha512-5UwjzQWgUdKAinZgLSYB8BG5jtTUuUGBh//7EwDXf+nqfTEZ7VOaDuHWeO6MQLkuSgQOIpwL5uMJQFJY1rX69A==, registry: http://registry.npm.taobao.org/, tarball: https://registry.npmmirror.com/@next/swc-win32-ia32-msvc/-/swc-win32-ia32-msvc-13.1.3.tgz}
    name: '@next/swc-win32-ia32-msvc'
    version: 13.1.3
    engines: {node: '>= 10'}
    cpu: [ia32]
    os: [win32]
    requiresBuild: true
    dev: false
    optional: true

  registry.npmmirror.com/@next/swc-win32-x64-msvc/13.1.3:
    resolution: {integrity: sha512-P9fSi+/FZKGQXV4kCJg2td2jkIvDryDFZr/mn+0xfWiC/rcSov9CHK0W3qh+ZXyItLEe6dOtAdGxlTYOijHthw==, registry: http://registry.npm.taobao.org/, tarball: https://registry.npmmirror.com/@next/swc-win32-x64-msvc/-/swc-win32-x64-msvc-13.1.3.tgz}
    name: '@next/swc-win32-x64-msvc'
    version: 13.1.3
    engines: {node: '>= 10'}
    cpu: [x64]
    os: [win32]
    requiresBuild: true
    dev: false
    optional: true

  registry.npmmirror.com/@swc/helpers/0.4.14:
    resolution: {integrity: sha512-4C7nX/dvpzB7za4Ql9K81xK3HPxCpHMgwTZVyf+9JQ6VUbn9jjZVN7/Nkdz/Ugzs2CSjqnL/UPXroiVBVHUWUw==, registry: http://registry.npm.taobao.org/, tarball: https://registry.npmmirror.com/@swc/helpers/-/helpers-0.4.14.tgz}
    name: '@swc/helpers'
    version: 0.4.14
    dependencies:
      tslib: registry.npmmirror.com/tslib/2.5.0
    dev: false

  registry.npmmirror.com/@types/node/18.14.0:
    resolution: {integrity: sha512-5EWrvLmglK+imbCJY0+INViFWUHg1AHel1sq4ZVSfdcNqGy9Edv3UB9IIzzg+xPaUcAgZYcfVs2fBcwDeZzU0A==, registry: http://registry.npm.taobao.org/, tarball: https://registry.npmmirror.com/@types/node/-/node-18.14.0.tgz}
    name: '@types/node'
    version: 18.14.0
    dev: false

  registry.npmmirror.com/@types/prop-types/15.7.5:
    resolution: {integrity: sha512-JCB8C6SnDoQf0cNycqd/35A7MjcnK+ZTqE7judS6o7utxUCg6imJg3QK2qzHKszlTjcj2cn+NwMB2i96ubpj7w==, registry: http://registry.npm.taobao.org/, tarball: https://registry.npmmirror.com/@types/prop-types/-/prop-types-15.7.5.tgz}
    name: '@types/prop-types'
    version: 15.7.5
    dev: false

  registry.npmmirror.com/@types/react-dom/18.0.11:
    resolution: {integrity: sha512-O38bPbI2CWtgw/OoQoY+BRelw7uysmXbWvw3nLWO21H1HSh+GOlqPuXshJfjmpNlKiiSDG9cc1JZAaMmVdcTlw==, registry: http://registry.npm.taobao.org/, tarball: https://registry.npmmirror.com/@types/react-dom/-/react-dom-18.0.11.tgz}
    name: '@types/react-dom'
    version: 18.0.11
    dependencies:
      '@types/react': registry.npmmirror.com/@types/react/18.0.28
    dev: false

  registry.npmmirror.com/@types/react/18.0.28:
    resolution: {integrity: sha512-RD0ivG1kEztNBdoAK7lekI9M+azSnitIn85h4iOiaLjaTrMjzslhaqCGaI4IyCJ1RljWiLCEu4jyrLLgqxBTew==, registry: http://registry.npm.taobao.org/, tarball: https://registry.npmmirror.com/@types/react/-/react-18.0.28.tgz}
    name: '@types/react'
    version: 18.0.28
    dependencies:
      '@types/prop-types': registry.npmmirror.com/@types/prop-types/15.7.5
      '@types/scheduler': registry.npmmirror.com/@types/scheduler/0.16.2
      csstype: registry.npmmirror.com/csstype/3.1.1
    dev: false

  registry.npmmirror.com/@types/scheduler/0.16.2:
    resolution: {integrity: sha512-hppQEBDmlwhFAXKJX2KnWLYu5yMfi91yazPb2l+lbJiwW+wdo1gNeRA+3RgNSO39WYX2euey41KEwnqesU2Jew==, registry: http://registry.npm.taobao.org/, tarball: https://registry.npmmirror.com/@types/scheduler/-/scheduler-0.16.2.tgz}
    name: '@types/scheduler'
    version: 0.16.2
    dev: false

  registry.npmmirror.com/asynckit/0.4.0:
    resolution: {integrity: sha512-Oei9OH4tRh0YqU3GxhX79dM/mwVgvbZJaSNaRk+bshkj0S5cfHcgYakreBjrHwatXKbz+IoIdYLxrKim2MjW0Q==, registry: http://registry.npm.taobao.org/, tarball: https://registry.npmmirror.com/asynckit/-/asynckit-0.4.0.tgz}
    name: asynckit
    version: 0.4.0
    dev: false

  registry.npmmirror.com/axios/1.3.3:
    resolution: {integrity: sha512-eYq77dYIFS77AQlhzEL937yUBSepBfPIe8FcgEDN35vMNZKMrs81pgnyrQpwfy4NF4b4XWX1Zgx7yX+25w8QJA==, registry: http://registry.npm.taobao.org/, tarball: https://registry.npmmirror.com/axios/-/axios-1.3.3.tgz}
    name: axios
    version: 1.3.3
    dependencies:
      follow-redirects: registry.npmmirror.com/follow-redirects/1.15.2
      form-data: registry.npmmirror.com/form-data/4.0.0
      proxy-from-env: registry.npmmirror.com/proxy-from-env/1.1.0
    transitivePeerDependencies:
      - debug
    dev: false

  registry.npmmirror.com/caniuse-lite/1.0.30001456:
    resolution: {integrity: sha512-XFHJY5dUgmpMV25UqaD4kVq2LsiaU5rS8fb0f17pCoXQiQslzmFgnfOxfvo1bTpTqf7dwG/N/05CnLCnOEKmzA==, registry: http://registry.npm.taobao.org/, tarball: https://registry.npmmirror.com/caniuse-lite/-/caniuse-lite-1.0.30001456.tgz}
    name: caniuse-lite
    version: 1.0.30001456
    dev: false

  registry.npmmirror.com/client-only/0.0.1:
    resolution: {integrity: sha512-IV3Ou0jSMzZrd3pZ48nLkT9DA7Ag1pnPzaiQhpW7c3RbcqqzvzzVu+L8gfqMp/8IM2MQtSiqaCxrrcfu8I8rMA==, registry: http://registry.npm.taobao.org/, tarball: https://registry.npmmirror.com/client-only/-/client-only-0.0.1.tgz}
    name: client-only
    version: 0.0.1
    dev: false

  registry.npmmirror.com/combined-stream/1.0.8:
    resolution: {integrity: sha512-FQN4MRfuJeHf7cBbBMJFXhKSDq+2kAArBlmRBvcvFE5BB1HZKXtSFASDhdlz9zOYwxh8lDdnvmMOe/+5cdoEdg==, registry: http://registry.npm.taobao.org/, tarball: https://registry.npmmirror.com/combined-stream/-/combined-stream-1.0.8.tgz}
    name: combined-stream
    version: 1.0.8
    engines: {node: '>= 0.8'}
    dependencies:
      delayed-stream: registry.npmmirror.com/delayed-stream/1.0.0
    dev: false

  registry.npmmirror.com/csstype/3.1.1:
    resolution: {integrity: sha512-DJR/VvkAvSZW9bTouZue2sSxDwdTN92uHjqeKVm+0dAqdfNykRzQ95tay8aXMBAAPpUiq4Qcug2L7neoRh2Egw==, registry: http://registry.npm.taobao.org/, tarball: https://registry.npmmirror.com/csstype/-/csstype-3.1.1.tgz}
    name: csstype
    version: 3.1.1
    dev: false

  registry.npmmirror.com/delayed-stream/1.0.0:
    resolution: {integrity: sha512-ZySD7Nf91aLB0RxL4KGrKHBXl7Eds1DAmEdcoVawXnLD7SDhpNgtuII2aAkg7a7QS41jxPSZ17p4VdGnMHk3MQ==, registry: http://registry.npm.taobao.org/, tarball: https://registry.npmmirror.com/delayed-stream/-/delayed-stream-1.0.0.tgz}
    name: delayed-stream
    version: 1.0.0
    engines: {node: '>=0.4.0'}
    dev: false

  registry.npmmirror.com/follow-redirects/1.15.2:
    resolution: {integrity: sha512-VQLG33o04KaQ8uYi2tVNbdrWp1QWxNNea+nmIB4EVM28v0hmP17z7aG1+wAkNzVq4KeXTq3221ye5qTJP91JwA==, registry: http://registry.npm.taobao.org/, tarball: https://registry.npmmirror.com/follow-redirects/-/follow-redirects-1.15.2.tgz}
    name: follow-redirects
    version: 1.15.2
    engines: {node: '>=4.0'}
    peerDependencies:
      debug: '*'
    peerDependenciesMeta:
      debug:
        optional: true
    dev: false

  registry.npmmirror.com/form-data/4.0.0:
    resolution: {integrity: sha512-ETEklSGi5t0QMZuiXoA/Q6vcnxcLQP5vdugSpuAyi6SVGi2clPPp+xgEhuMaHC+zGgn31Kd235W35f7Hykkaww==, registry: http://registry.npm.taobao.org/, tarball: https://registry.npmmirror.com/form-data/-/form-data-4.0.0.tgz}
    name: form-data
    version: 4.0.0
    engines: {node: '>= 6'}
    dependencies:
      asynckit: registry.npmmirror.com/asynckit/0.4.0
      combined-stream: registry.npmmirror.com/combined-stream/1.0.8
      mime-types: registry.npmmirror.com/mime-types/2.1.35
    dev: false

  registry.npmmirror.com/js-tokens/4.0.0:
    resolution: {integrity: sha512-RdJUflcE3cUzKiMqQgsCu06FPu9UdIJO0beYbPhHN4k6apgJtifcoCtT9bcxOpYBtpD2kCM6Sbzg4CausW/PKQ==, registry: http://registry.npm.taobao.org/, tarball: https://registry.npmmirror.com/js-tokens/-/js-tokens-4.0.0.tgz}
    name: js-tokens
    version: 4.0.0
    dev: false

  registry.npmmirror.com/loose-envify/1.4.0:
    resolution: {integrity: sha512-lyuxPGr/Wfhrlem2CL/UcnUc1zcqKAImBDzukY7Y5F/yQiNdko6+fRLevlw1HgMySw7f611UIY408EtxRSoK3Q==, registry: http://registry.npm.taobao.org/, tarball: https://registry.npmmirror.com/loose-envify/-/loose-envify-1.4.0.tgz}
    name: loose-envify
    version: 1.4.0
    hasBin: true
    dependencies:
      js-tokens: registry.npmmirror.com/js-tokens/4.0.0
    dev: false

  registry.npmmirror.com/mime-db/1.52.0:
    resolution: {integrity: sha512-sPU4uV7dYlvtWJxwwxHD0PuihVNiE7TyAbQ5SWxDCB9mUYvOgroQOwYQQOKPJ8CIbE+1ETVlOoK1UC2nU3gYvg==, registry: http://registry.npm.taobao.org/, tarball: https://registry.npmmirror.com/mime-db/-/mime-db-1.52.0.tgz}
    name: mime-db
    version: 1.52.0
    engines: {node: '>= 0.6'}
    dev: false

  registry.npmmirror.com/mime-types/2.1.35:
    resolution: {integrity: sha512-ZDY+bPm5zTTF+YpCrAU9nK0UgICYPT0QtT1NZWFv4s++TNkcgVaT0g6+4R2uI4MjQjzysHB1zxuWL50hzaeXiw==, registry: http://registry.npm.taobao.org/, tarball: https://registry.npmmirror.com/mime-types/-/mime-types-2.1.35.tgz}
    name: mime-types
    version: 2.1.35
    engines: {node: '>= 0.6'}
    dependencies:
      mime-db: registry.npmmirror.com/mime-db/1.52.0
    dev: false

  registry.npmmirror.com/nanoid/3.3.4:
    resolution: {integrity: sha512-MqBkQh/OHTS2egovRtLk45wEyNXwF+cokD+1YPf9u5VfJiRdAiRwB2froX5Co9Rh20xs4siNPm8naNotSD6RBw==, registry: http://registry.npm.taobao.org/, tarball: https://registry.npmmirror.com/nanoid/-/nanoid-3.3.4.tgz}
    name: nanoid
    version: 3.3.4
    engines: {node: ^10 || ^12 || ^13.7 || ^14 || >=15.0.1}
    hasBin: true
    dev: false

  registry.npmmirror.com/next/13.1.3_biqbaboplfbrettd7655fr4n2y:
    resolution: {integrity: sha512-ig7m7Po/F+Wp0xl+9RKYZq+PYfgVmONH6hBPVT2+jrdUmZkrqsN5ioSe4oQbCAb9tMtVr07agVdK2HFjD15Yug==, registry: http://registry.npm.taobao.org/, tarball: https://registry.npmmirror.com/next/-/next-13.1.3.tgz}
    id: registry.npmmirror.com/next/13.1.3
    name: next
    version: 13.1.3
    engines: {node: '>=14.6.0'}
    hasBin: true
    peerDependencies:
      fibers: '>= 3.1.0'
      node-sass: ^6.0.0 || ^7.0.0
      react: ^18.2.0
      react-dom: ^18.2.0
      sass: ^1.3.0
    peerDependenciesMeta:
      fibers:
        optional: true
      node-sass:
        optional: true
      sass:
        optional: true
    dependencies:
      '@next/env': registry.npmmirror.com/@next/env/13.1.3
      '@swc/helpers': registry.npmmirror.com/@swc/helpers/0.4.14
      caniuse-lite: registry.npmmirror.com/caniuse-lite/1.0.30001456
      postcss: registry.npmmirror.com/postcss/8.4.14
      react: registry.npmmirror.com/react/18.2.0
      react-dom: registry.npmmirror.com/react-dom/18.2.0_react@18.2.0
      styled-jsx: registry.npmmirror.com/styled-jsx/5.1.1_react@18.2.0
    optionalDependencies:
      '@next/swc-android-arm-eabi': registry.npmmirror.com/@next/swc-android-arm-eabi/13.1.3
      '@next/swc-android-arm64': registry.npmmirror.com/@next/swc-android-arm64/13.1.3
      '@next/swc-darwin-arm64': registry.npmmirror.com/@next/swc-darwin-arm64/13.1.3
      '@next/swc-darwin-x64': registry.npmmirror.com/@next/swc-darwin-x64/13.1.3
      '@next/swc-freebsd-x64': registry.npmmirror.com/@next/swc-freebsd-x64/13.1.3
      '@next/swc-linux-arm-gnueabihf': registry.npmmirror.com/@next/swc-linux-arm-gnueabihf/13.1.3
      '@next/swc-linux-arm64-gnu': registry.npmmirror.com/@next/swc-linux-arm64-gnu/13.1.3
      '@next/swc-linux-arm64-musl': registry.npmmirror.com/@next/swc-linux-arm64-musl/13.1.3
      '@next/swc-linux-x64-gnu': registry.npmmirror.com/@next/swc-linux-x64-gnu/13.1.3
      '@next/swc-linux-x64-musl': registry.npmmirror.com/@next/swc-linux-x64-musl/13.1.3
      '@next/swc-win32-arm64-msvc': registry.npmmirror.com/@next/swc-win32-arm64-msvc/13.1.3
      '@next/swc-win32-ia32-msvc': registry.npmmirror.com/@next/swc-win32-ia32-msvc/13.1.3
      '@next/swc-win32-x64-msvc': registry.npmmirror.com/@next/swc-win32-x64-msvc/13.1.3
    transitivePeerDependencies:
      - '@babel/core'
      - babel-plugin-macros
    dev: false

  registry.npmmirror.com/picocolors/1.0.0:
    resolution: {integrity: sha512-1fygroTLlHu66zi26VoTDv8yRgm0Fccecssto+MhsZ0D/DGW2sm8E8AjW7NU5VVTRt5GxbeZ5qBuJr+HyLYkjQ==, registry: http://registry.npm.taobao.org/, tarball: https://registry.npmmirror.com/picocolors/-/picocolors-1.0.0.tgz}
    name: picocolors
    version: 1.0.0
    dev: false

  registry.npmmirror.com/postcss/8.4.14:
    resolution: {integrity: sha512-E398TUmfAYFPBSdzgeieK2Y1+1cpdxJx8yXbK/m57nRhKSmk1GB2tO4lbLBtlkfPQTDKfe4Xqv1ASWPpayPEig==, registry: http://registry.npm.taobao.org/, tarball: https://registry.npmmirror.com/postcss/-/postcss-8.4.14.tgz}
    name: postcss
    version: 8.4.14
    engines: {node: ^10 || ^12 || >=14}
    dependencies:
      nanoid: registry.npmmirror.com/nanoid/3.3.4
      picocolors: registry.npmmirror.com/picocolors/1.0.0
      source-map-js: registry.npmmirror.com/source-map-js/1.0.2
    dev: false

  registry.npmmirror.com/proxy-from-env/1.1.0:
    resolution: {integrity: sha512-D+zkORCbA9f1tdWRK0RaCR3GPv50cMxcrz4X8k5LTSUD1Dkw47mKJEZQNunItRTkWwgtaUSo1RVFRIG9ZXiFYg==, registry: http://registry.npm.taobao.org/, tarball: https://registry.npmmirror.com/proxy-from-env/-/proxy-from-env-1.1.0.tgz}
    name: proxy-from-env
    version: 1.1.0
    dev: false

  registry.npmmirror.com/react-dom/18.2.0_react@18.2.0:
    resolution: {integrity: sha512-6IMTriUmvsjHUjNtEDudZfuDQUoWXVxKHhlEGSk81n4YFS+r/Kl99wXiwlVXtPBtJenozv2P+hxDsw9eA7Xo6g==, registry: http://registry.npm.taobao.org/, tarball: https://registry.npmmirror.com/react-dom/-/react-dom-18.2.0.tgz}
    id: registry.npmmirror.com/react-dom/18.2.0
    name: react-dom
    version: 18.2.0
    peerDependencies:
      react: ^18.2.0
    dependencies:
      loose-envify: registry.npmmirror.com/loose-envify/1.4.0
      react: registry.npmmirror.com/react/18.2.0
      scheduler: registry.npmmirror.com/scheduler/0.23.0
    dev: false

  registry.npmmirror.com/react/18.2.0:
    resolution: {integrity: sha512-/3IjMdb2L9QbBdWiW5e3P2/npwMBaU9mHCSCUzNln0ZCYbcfTsGbTJrU/kGemdH2IWmB2ioZ+zkxtmq6g09fGQ==, registry: http://registry.npm.taobao.org/, tarball: https://registry.npmmirror.com/react/-/react-18.2.0.tgz}
    name: react
    version: 18.2.0
    engines: {node: '>=0.10.0'}
    dependencies:
      loose-envify: registry.npmmirror.com/loose-envify/1.4.0
    dev: false

  registry.npmmirror.com/scheduler/0.23.0:
    resolution: {integrity: sha512-CtuThmgHNg7zIZWAXi3AsyIzA3n4xx7aNyjwC2VJldO2LMVDhFK+63xGqq6CsJH4rTAt6/M+N4GhZiDYPx9eUw==, registry: http://registry.npm.taobao.org/, tarball: https://registry.npmmirror.com/scheduler/-/scheduler-0.23.0.tgz}
    name: scheduler
    version: 0.23.0
    dependencies:
      loose-envify: registry.npmmirror.com/loose-envify/1.4.0
    dev: false

  registry.npmmirror.com/source-map-js/1.0.2:
    resolution: {integrity: sha512-R0XvVJ9WusLiqTCEiGCmICCMplcCkIwwR11mOSD9CR5u+IXYdiseeEuXCVAjS54zqwkLcPNnmU4OeJ6tUrWhDw==, registry: http://registry.npm.taobao.org/, tarball: https://registry.npmmirror.com/source-map-js/-/source-map-js-1.0.2.tgz}
    name: source-map-js
    version: 1.0.2
    engines: {node: '>=0.10.0'}
    dev: false

  registry.npmmirror.com/styled-jsx/5.1.1_react@18.2.0:
    resolution: {integrity: sha512-pW7uC1l4mBZ8ugbiZrcIsiIvVx1UmTfw7UkC3Um2tmfUq9Bhk8IiyEIPl6F8agHgjzku6j0xQEZbfA5uSgSaCw==, registry: http://registry.npm.taobao.org/, tarball: https://registry.npmmirror.com/styled-jsx/-/styled-jsx-5.1.1.tgz}
    id: registry.npmmirror.com/styled-jsx/5.1.1
    name: styled-jsx
    version: 5.1.1
    engines: {node: '>= 12.0.0'}
    peerDependencies:
      '@babel/core': '*'
      babel-plugin-macros: '*'
      react: '>= 16.8.0 || 17.x.x || ^18.0.0-0'
    peerDependenciesMeta:
      '@babel/core':
        optional: true
      babel-plugin-macros:
        optional: true
    dependencies:
      client-only: registry.npmmirror.com/client-only/0.0.1
      react: registry.npmmirror.com/react/18.2.0
    dev: false

  registry.npmmirror.com/tslib/2.5.0:
    resolution: {integrity: sha512-336iVw3rtn2BUK7ORdIAHTyxHGRIHVReokCR3XjbckJMK7ms8FysBfhLR8IXnAgy7T0PTPNBWKiH514FOW/WSg==, registry: http://registry.npm.taobao.org/, tarball: https://registry.npmmirror.com/tslib/-/tslib-2.5.0.tgz}
    name: tslib
    version: 2.5.0
    dev: false

  registry.npmmirror.com/typescript/4.9.5:
    resolution: {integrity: sha512-1FXk9E2Hm+QzZQ7z+McJiHL4NW1F2EzMu9Nq9i3zAaGqibafqYwCVU6WyWAuyQRRzOlxou8xZSyXLEN8oKj24g==, registry: http://registry.npm.taobao.org/, tarball: https://registry.npmmirror.com/typescript/-/typescript-4.9.5.tgz}
    name: typescript
    version: 4.9.5
    engines: {node: '>=4.2.0'}
    hasBin: true
    dev: false
